// !$*UTF8*$!
{
	archiveVersion = 1;
	classes = {
	};
	objectVersion = 50;
	objects = {

/* Begin PBXBuildFile section */
		A62D4ECE2150A83B00B64269 /* AppDelegate.swift in Sources */ = {isa = PBXBuildFile; fileRef = A62D4ECD2150A83B00B64269 /* AppDelegate.swift */; };
		A62D4ED02150A83B00B64269 /* ViewController.swift in Sources */ = {isa = PBXBuildFile; fileRef = A62D4ECF2150A83B00B64269 /* ViewController.swift */; };
		A62D4ED32150A83B00B64269 /* Main.storyboard in Resources */ = {isa = PBXBuildFile; fileRef = A62D4ED12150A83B00B64269 /* Main.storyboard */; };
		A62D4ED52150A83C00B64269 /* Assets.xcassets in Resources */ = {isa = PBXBuildFile; fileRef = A62D4ED42150A83C00B64269 /* Assets.xcassets */; };
		A62D4ED82150A83C00B64269 /* LaunchScreen.storyboard in Resources */ = {isa = PBXBuildFile; fileRef = A62D4ED62150A83C00B64269 /* LaunchScreen.storyboard */; };
		A62D4EE32150A83C00B64269 /* PlayingCardTests.swift in Sources */ = {isa = PBXBuildFile; fileRef = A62D4EE22150A83C00B64269 /* PlayingCardTests.swift */; };
		A62D4EEE2150A83D00B64269 /* PlayingCardUITests.swift in Sources */ = {isa = PBXBuildFile; fileRef = A62D4EED2150A83D00B64269 /* PlayingCardUITests.swift */; };
/* End PBXBuildFile section */

/* Begin PBXContainerItemProxy section */
		A62D4EDF2150A83C00B64269 /* PBXContainerItemProxy */ = {
			isa = PBXContainerItemProxy;
			containerPortal = A62D4EC22150A83B00B64269 /* Project object */;
			proxyType = 1;
			remoteGlobalIDString = A62D4EC92150A83B00B64269;
			remoteInfo = PlayingCard;
		};
		A62D4EEA2150A83D00B64269 /* PBXContainerItemProxy */ = {
			isa = PBXContainerItemProxy;
			containerPortal = A62D4EC22150A83B00B64269 /* Project object */;
			proxyType = 1;
			remoteGlobalIDString = A62D4EC92150A83B00B64269;
			remoteInfo = PlayingCard;
		};
/* End PBXContainerItemProxy section */

/* Begin PBXFileReference section */
		A62D4ECA2150A83B00B64269 /* PlayingCard.app */ = {isa = PBXFileReference; explicitFileType = wrapper.application; includeInIndex = 0; path = PlayingCard.app; sourceTree = BUILT_PRODUCTS_DIR; };
		A62D4ECD2150A83B00B64269 /* AppDelegate.swift */ = {isa = PBXFileReference; lastKnownFileType = sourcecode.swift; path = AppDelegate.swift; sourceTree = "<group>"; };
		A62D4ECF2150A83B00B64269 /* ViewController.swift */ = {isa = PBXFileReference; lastKnownFileType = sourcecode.swift; path = ViewController.swift; sourceTree = "<group>"; };
		A62D4ED22150A83B00B64269 /* Base */ = {isa = PBXFileReference; lastKnownFileType = file.storyboard; name = Base; path = Base.lproj/Main.storyboard; sourceTree = "<group>"; };
		A62D4ED42150A83C00B64269 /* Assets.xcassets */ = {isa = PBXFileReference; lastKnownFileType = folder.assetcatalog; path = Assets.xcassets; sourceTree = "<group>"; };
		A62D4ED72150A83C00B64269 /* Base */ = {isa = PBXFileReference; lastKnownFileType = file.storyboard; name = Base; path = Base.lproj/LaunchScreen.storyboard; sourceTree = "<group>"; };
		A62D4ED92150A83C00B64269 /* Info.plist */ = {isa = PBXFileReference; lastKnownFileType = text.plist.xml; path = Info.plist; sourceTree = "<group>"; };
		A62D4EDE2150A83C00B64269 /* PlayingCardTests.xctest */ = {isa = PBXFileReference; explicitFileType = wrapper.cfbundle; includeInIndex = 0; path = PlayingCardTests.xctest; sourceTree = BUILT_PRODUCTS_DIR; };
		A62D4EE22150A83C00B64269 /* PlayingCardTests.swift */ = {isa = PBXFileReference; lastKnownFileType = sourcecode.swift; path = PlayingCardTests.swift; sourceTree = "<group>"; };
		A62D4EE42150A83D00B64269 /* Info.plist */ = {isa = PBXFileReference; lastKnownFileType = text.plist.xml; path = Info.plist; sourceTree = "<group>"; };
		A62D4EE92150A83D00B64269 /* PlayingCardUITests.xctest */ = {isa = PBXFileReference; explicitFileType = wrapper.cfbundle; includeInIndex = 0; path = PlayingCardUITests.xctest; sourceTree = BUILT_PRODUCTS_DIR; };
		A62D4EED2150A83D00B64269 /* PlayingCardUITests.swift */ = {isa = PBXFileReference; lastKnownFileType = sourcecode.swift; path = PlayingCardUITests.swift; sourceTree = "<group>"; };
		A62D4EEF2150A83D00B64269 /* Info.plist */ = {isa = PBXFileReference; lastKnownFileType = text.plist.xml; path = Info.plist; sourceTree = "<group>"; };
/* End PBXFileReference section */

/* Begin PBXFrameworksBuildPhase section */
		A62D4EC72150A83B00B64269 /* Frameworks */ = {
			isa = PBXFrameworksBuildPhase;
			buildActionMask = 2147483647;
			files = (
			);
			runOnlyForDeploymentPostprocessing = 0;
		};
		A62D4EDB2150A83C00B64269 /* Frameworks */ = {
			isa = PBXFrameworksBuildPhase;
			buildActionMask = 2147483647;
			files = (
			);
			runOnlyForDeploymentPostprocessing = 0;
		};
		A62D4EE62150A83D00B64269 /* Frameworks */ = {
			isa = PBXFrameworksBuildPhase;
			buildActionMask = 2147483647;
			files = (
			);
			runOnlyForDeploymentPostprocessing = 0;
		};
/* End PBXFrameworksBuildPhase section */

/* Begin PBXGroup section */
		A62D4EC12150A83B00B64269 = {
			isa = PBXGroup;
			children = (
				A62D4ECC2150A83B00B64269 /* PlayingCard */,
				A62D4EE12150A83C00B64269 /* PlayingCardTests */,
				A62D4EEC2150A83D00B64269 /* PlayingCardUITests */,
				A62D4ECB2150A83B00B64269 /* Products */,
			);
			sourceTree = "<group>";
		};
		A62D4ECB2150A83B00B64269 /* Products */ = {
			isa = PBXGroup;
			children = (
				A62D4ECA2150A83B00B64269 /* PlayingCard.app */,
				A62D4EDE2150A83C00B64269 /* PlayingCardTests.xctest */,
				A62D4EE92150A83D00B64269 /* PlayingCardUITests.xctest */,
			);
			name = Products;
			sourceTree = "<group>";
		};
		A62D4ECC2150A83B00B64269 /* PlayingCard */ = {
			isa = PBXGroup;
			children = (
				A62D4ECD2150A83B00B64269 /* AppDelegate.swift */,
				A62D4ECF2150A83B00B64269 /* ViewController.swift */,
				A62D4ED12150A83B00B64269 /* Main.storyboard */,
				A62D4ED42150A83C00B64269 /* Assets.xcassets */,
				A62D4ED62150A83C00B64269 /* LaunchScreen.storyboard */,
				A62D4ED92150A83C00B64269 /* Info.plist */,
			);
			path = PlayingCard;
			sourceTree = "<group>";
		};
		A62D4EE12150A83C00B64269 /* PlayingCardTests */ = {
			isa = PBXGroup;
			children = (
				A62D4EE22150A83C00B64269 /* PlayingCardTests.swift */,
				A62D4EE42150A83D00B64269 /* Info.plist */,
			);
			path = PlayingCardTests;
			sourceTree = "<group>";
		};
		A62D4EEC2150A83D00B64269 /* PlayingCardUITests */ = {
			isa = PBXGroup;
			children = (
				A62D4EED2150A83D00B64269 /* PlayingCardUITests.swift */,
				A62D4EEF2150A83D00B64269 /* Info.plist */,
			);
			path = PlayingCardUITests;
			sourceTree = "<group>";
		};
/* End PBXGroup section */

/* Begin PBXNativeTarget section */
		A62D4EC92150A83B00B64269 /* PlayingCard */ = {
			isa = PBXNativeTarget;
			buildConfigurationList = A62D4EF22150A83D00B64269 /* Build configuration list for PBXNativeTarget "PlayingCard" */;
			buildPhases = (
				A62D4EC62150A83B00B64269 /* Sources */,
				A62D4EC72150A83B00B64269 /* Frameworks */,
				A62D4EC82150A83B00B64269 /* Resources */,
			);
			buildRules = (
			);
			dependencies = (
			);
			name = PlayingCard;
			productName = PlayingCard;
			productReference = A62D4ECA2150A83B00B64269 /* PlayingCard.app */;
			productType = "com.apple.product-type.application";
		};
		A62D4EDD2150A83C00B64269 /* PlayingCardTests */ = {
			isa = PBXNativeTarget;
			buildConfigurationList = A62D4EF52150A83D00B64269 /* Build configuration list for PBXNativeTarget "PlayingCardTests" */;
			buildPhases = (
				A62D4EDA2150A83C00B64269 /* Sources */,
				A62D4EDB2150A83C00B64269 /* Frameworks */,
				A62D4EDC2150A83C00B64269 /* Resources */,
			);
			buildRules = (
			);
			dependencies = (
				A62D4EE02150A83C00B64269 /* PBXTargetDependency */,
			);
			name = PlayingCardTests;
			productName = PlayingCardTests;
			productReference = A62D4EDE2150A83C00B64269 /* PlayingCardTests.xctest */;
			productType = "com.apple.product-type.bundle.unit-test";
		};
		A62D4EE82150A83D00B64269 /* PlayingCardUITests */ = {
			isa = PBXNativeTarget;
			buildConfigurationList = A62D4EF82150A83D00B64269 /* Build configuration list for PBXNativeTarget "PlayingCardUITests" */;
			buildPhases = (
				A62D4EE52150A83D00B64269 /* Sources */,
				A62D4EE62150A83D00B64269 /* Frameworks */,
				A62D4EE72150A83D00B64269 /* Resources */,
			);
			buildRules = (
			);
			dependencies = (
				A62D4EEB2150A83D00B64269 /* PBXTargetDependency */,
			);
			name = PlayingCardUITests;
			productName = PlayingCardUITests;
			productReference = A62D4EE92150A83D00B64269 /* PlayingCardUITests.xctest */;
			productType = "com.apple.product-type.bundle.ui-testing";
		};
/* End PBXNativeTarget section */

/* Begin PBXProject section */
		A62D4EC22150A83B00B64269 /* Project object */ = {
			isa = PBXProject;
			attributes = {
				LastSwiftUpdateCheck = 1000;
				LastUpgradeCheck = 1000;
				ORGANIZATIONNAME = "Mathhew Workshop";
				TargetAttributes = {
					A62D4EC92150A83B00B64269 = {
						CreatedOnToolsVersion = 10.0;
					};
					A62D4EDD2150A83C00B64269 = {
						CreatedOnToolsVersion = 10.0;
						TestTargetID = A62D4EC92150A83B00B64269;
					};
					A62D4EE82150A83D00B64269 = {
						CreatedOnToolsVersion = 10.0;
						TestTargetID = A62D4EC92150A83B00B64269;
					};
				};
			};
			buildConfigurationList = A62D4EC52150A83B00B64269 /* Build configuration list for PBXProject "PlayingCard" */;
			compatibilityVersion = "Xcode 9.3";
			developmentRegion = en;
			hasScannedForEncodings = 0;
			knownRegions = (
				en,
				Base,
			);
			mainGroup = A62D4EC12150A83B00B64269;
			productRefGroup = A62D4ECB2150A83B00B64269 /* Products */;
			projectDirPath = "";
			projectRoot = "";
			targets = (
				A62D4EC92150A83B00B64269 /* PlayingCard */,
				A62D4EDD2150A83C00B64269 /* PlayingCardTests */,
				A62D4EE82150A83D00B64269 /* PlayingCardUITests */,
			);
		};
/* End PBXProject section */

/* Begin PBXResourcesBuildPhase section */
		A62D4EC82150A83B00B64269 /* Resources */ = {
			isa = PBXResourcesBuildPhase;
			buildActionMask = 2147483647;
			files = (
				A62D4ED82150A83C00B64269 /* LaunchScreen.storyboard in Resources */,
				A62D4ED52150A83C00B64269 /* Assets.xcassets in Resources */,
				A62D4ED32150A83B00B64269 /* Main.storyboard in Resources */,
			);
			runOnlyForDeploymentPostprocessing = 0;
		};
		A62D4EDC2150A83C00B64269 /* Resources */ = {
			isa = PBXResourcesBuildPhase;
			buildActionMask = 2147483647;
			files = (
			);
			runOnlyForDeploymentPostprocessing = 0;
		};
		A62D4EE72150A83D00B64269 /* Resources */ = {
			isa = PBXResourcesBuildPhase;
			buildActionMask = 2147483647;
			files = (
			);
			runOnlyForDeploymentPostprocessing = 0;
		};
/* End PBXResourcesBuildPhase section */

/* Begin PBXSourcesBuildPhase section */
		A62D4EC62150A83B00B64269 /* Sources */ = {
			isa = PBXSourcesBuildPhase;
			buildActionMask = 2147483647;
			files = (
				A62D4ED02150A83B00B64269 /* ViewController.swift in Sources */,
				A62D4ECE2150A83B00B64269 /* AppDelegate.swift in Sources */,
			);
			runOnlyForDeploymentPostprocessing = 0;
		};
		A62D4EDA2150A83C00B64269 /* Sources */ = {
			isa = PBXSourcesBuildPhase;
			buildActionMask = 2147483647;
			files = (
				A62D4EE32150A83C00B64269 /* PlayingCardTests.swift in Sources */,
			);
			runOnlyForDeploymentPostprocessing = 0;
		};
		A62D4EE52150A83D00B64269 /* Sources */ = {
			isa = PBXSourcesBuildPhase;
			buildActionMask = 2147483647;
			files = (
				A62D4EEE2150A83D00B64269 /* PlayingCardUITests.swift in Sources */,
			);
			runOnlyForDeploymentPostprocessing = 0;
		};
/* End PBXSourcesBuildPhase section */

/* Begin PBXTargetDependency section */
		A62D4EE02150A83C00B64269 /* PBXTargetDependency */ = {
			isa = PBXTargetDependency;
			target = A62D4EC92150A83B00B64269 /* PlayingCard */;
			targetProxy = A62D4EDF2150A83C00B64269 /* PBXContainerItemProxy */;
		};
		A62D4EEB2150A83D00B64269 /* PBXTargetDependency */ = {
			isa = PBXTargetDependency;
			target = A62D4EC92150A83B00B64269 /* PlayingCard */;
			targetProxy = A62D4EEA2150A83D00B64269 /* PBXContainerItemProxy */;
		};
/* End PBXTargetDependency section */

/* Begin PBXVariantGroup section */
		A62D4ED12150A83B00B64269 /* Main.storyboard */ = {
			isa = PBXVariantGroup;
			children = (
				A62D4ED22150A83B00B64269 /* Base */,
			);
			name = Main.storyboard;
			sourceTree = "<group>";
		};
		A62D4ED62150A83C00B64269 /* LaunchScreen.storyboard */ = {
			isa = PBXVariantGroup;
			children = (
				A62D4ED72150A83C00B64269 /* Base */,
			);
			name = LaunchScreen.storyboard;
			sourceTree = "<group>";
		};
/* End PBXVariantGroup section */

/* Begin XCBuildConfiguration section */
		A62D4EF02150A83D00B64269 /* Debug */ = {
			isa = XCBuildConfiguration;
			buildSettings = {
				ALWAYS_SEARCH_USER_PATHS = NO;
				CLANG_ANALYZER_NONNULL = YES;
				CLANG_ANALYZER_NUMBER_OBJECT_CONVERSION = YES_AGGRESSIVE;
				CLANG_CXX_LANGUAGE_STANDARD = "gnu++14";
				CLANG_CXX_LIBRARY = "libc++";
				CLANG_ENABLE_MODULES = YES;
				CLANG_ENABLE_OBJC_ARC = YES;
				CLANG_ENABLE_OBJC_WEAK = YES;
				CLANG_WARN_BLOCK_CAPTURE_AUTORELEASING = YES;
				CLANG_WARN_BOOL_CONVERSION = YES;
				CLANG_WARN_COMMA = YES;
				CLANG_WARN_CONSTANT_CONVERSION = YES;
				CLANG_WARN_DEPRECATED_OBJC_IMPLEMENTATIONS = YES;
				CLANG_WARN_DIRECT_OBJC_ISA_USAGE = YES_ERROR;
				CLANG_WARN_DOCUMENTATION_COMMENTS = YES;
				CLANG_WARN_EMPTY_BODY = YES;
				CLANG_WARN_ENUM_CONVERSION = YES;
				CLANG_WARN_INFINITE_RECURSION = YES;
				CLANG_WARN_INT_CONVERSION = YES;
				CLANG_WARN_NON_LITERAL_NULL_CONVERSION = YES;
				CLANG_WARN_OBJC_IMPLICIT_RETAIN_SELF = YES;
				CLANG_WARN_OBJC_LITERAL_CONVERSION = YES;
				CLANG_WARN_OBJC_ROOT_CLASS = YES_ERROR;
				CLANG_WARN_RANGE_LOOP_ANALYSIS = YES;
				CLANG_WARN_STRICT_PROTOTYPES = YES;
				CLANG_WARN_SUSPICIOUS_MOVE = YES;
				CLANG_WARN_UNGUARDED_AVAILABILITY = YES_AGGRESSIVE;
				CLANG_WARN_UNREACHABLE_CODE = YES;
				CLANG_WARN__DUPLICATE_METHOD_MATCH = YES;
				CODE_SIGN_IDENTITY = "iPhone Developer";
				COPY_PHASE_STRIP = NO;
				DEBUG_INFORMATION_FORMAT = dwarf;
				ENABLE_STRICT_OBJC_MSGSEND = YES;
				ENABLE_TESTABILITY = YES;
				GCC_C_LANGUAGE_STANDARD = gnu11;
				GCC_DYNAMIC_NO_PIC = NO;
				GCC_NO_COMMON_BLOCKS = YES;
				GCC_OPTIMIZATION_LEVEL = 0;
				GCC_PREPROCESSOR_DEFINITIONS = (
					"DEBUG=1",
					"$(inherited)",
				);
				GCC_WARN_64_TO_32_BIT_CONVERSION = YES;
				GCC_WARN_ABOUT_RETURN_TYPE = YES_ERROR;
				GCC_WARN_UNDECLARED_SELECTOR = YES;
				GCC_WARN_UNINITIALIZED_AUTOS = YES_AGGRESSIVE;
				GCC_WARN_UNUSED_FUNCTION = YES;
				GCC_WARN_UNUSED_VARIABLE = YES;
				IPHONEOS_DEPLOYMENT_TARGET = 12.0;
				MTL_ENABLE_DEBUG_INFO = INCLUDE_SOURCE;
				MTL_FAST_MATH = YES;
				ONLY_ACTIVE_ARCH = YES;
				SDKROOT = iphoneos;
				SWIFT_ACTIVE_COMPILATION_CONDITIONS = DEBUG;
				SWIFT_OPTIMIZATION_LEVEL = "-Onone";
			};
			name = Debug;
		};
		A62D4EF12150A83D00B64269 /* Release */ = {
			isa = XCBuildConfiguration;
			buildSettings = {
				ALWAYS_SEARCH_USER_PATHS = NO;
				CLANG_ANALYZER_NONNULL = YES;
				CLANG_ANALYZER_NUMBER_OBJECT_CONVERSION = YES_AGGRESSIVE;
				CLANG_CXX_LANGUAGE_STANDARD = "gnu++14";
				CLANG_CXX_LIBRARY = "libc++";
				CLANG_ENABLE_MODULES = YES;
				CLANG_ENABLE_OBJC_ARC = YES;
				CLANG_ENABLE_OBJC_WEAK = YES;
				CLANG_WARN_BLOCK_CAPTURE_AUTORELEASING = YES;
				CLANG_WARN_BOOL_CONVERSION = YES;
				CLANG_WARN_COMMA = YES;
				CLANG_WARN_CONSTANT_CONVERSION = YES;
				CLANG_WARN_DEPRECATED_OBJC_IMPLEMENTATIONS = YES;
				CLANG_WARN_DIRECT_OBJC_ISA_USAGE = YES_ERROR;
				CLANG_WARN_DOCUMENTATION_COMMENTS = YES;
				CLANG_WARN_EMPTY_BODY = YES;
				CLANG_WARN_ENUM_CONVERSION = YES;
				CLANG_WARN_INFINITE_RECURSION = YES;
				CLANG_WARN_INT_CONVERSION = YES;
				CLANG_WARN_NON_LITERAL_NULL_CONVERSION = YES;
				CLANG_WARN_OBJC_IMPLICIT_RETAIN_SELF = YES;
				CLANG_WARN_OBJC_LITERAL_CONVERSION = YES;
				CLANG_WARN_OBJC_ROOT_CLASS = YES_ERROR;
				CLANG_WARN_RANGE_LOOP_ANALYSIS = YES;
				CLANG_WARN_STRICT_PROTOTYPES = YES;
				CLANG_WARN_SUSPICIOUS_MOVE = YES;
				CLANG_WARN_UNGUARDED_AVAILABILITY = YES_AGGRESSIVE;
				CLANG_WARN_UNREACHABLE_CODE = YES;
				CLANG_WARN__DUPLICATE_METHOD_MATCH = YES;
				CODE_SIGN_IDENTITY = "iPhone Developer";
				COPY_PHASE_STRIP = NO;
				DEBUG_INFORMATION_FORMAT = "dwarf-with-dsym";
				ENABLE_NS_ASSERTIONS = NO;
				ENABLE_STRICT_OBJC_MSGSEND = YES;
				GCC_C_LANGUAGE_STANDARD = gnu11;
				GCC_NO_COMMON_BLOCKS = YES;
				GCC_WARN_64_TO_32_BIT_CONVERSION = YES;
				GCC_WARN_ABOUT_RETURN_TYPE = YES_ERROR;
				GCC_WARN_UNDECLARED_SELECTOR = YES;
				GCC_WARN_UNINITIALIZED_AUTOS = YES_AGGRESSIVE;
				GCC_WARN_UNUSED_FUNCTION = YES;
				GCC_WARN_UNUSED_VARIABLE = YES;
				IPHONEOS_DEPLOYMENT_TARGET = 12.0;
				MTL_ENABLE_DEBUG_INFO = NO;
				MTL_FAST_MATH = YES;
				SDKROOT = iphoneos;
				SWIFT_COMPILATION_MODE = wholemodule;
				SWIFT_OPTIMIZATION_LEVEL = "-O";
				VALIDATE_PRODUCT = YES;
			};
			name = Release;
		};
		A62D4EF32150A83D00B64269 /* Debug */ = {
			isa = XCBuildConfiguration;
			buildSettings = {
				ASSETCATALOG_COMPILER_APPICON_NAME = AppIcon;
				CODE_SIGN_STYLE = Automatic;
				DEVELOPMENT_TEAM = HA7P6Y485G;
				INFOPLIST_FILE = PlayingCard/Info.plist;
				LD_RUNPATH_SEARCH_PATHS = (
					"$(inherited)",
					"@executable_path/Frameworks",
				);
				PRODUCT_BUNDLE_IDENTIFIER = workshop.matthew.PlayingCard;
				PRODUCT_NAME = "$(TARGET_NAME)";
				SWIFT_VERSION = 4.2;
				TARGETED_DEVICE_FAMILY = "1,2";
			};
			name = Debug;
		};
		A62D4EF42150A83D00B64269 /* Release */ = {
			isa = XCBuildConfiguration;
			buildSettings = {
				ASSETCATALOG_COMPILER_APPICON_NAME = AppIcon;
				CODE_SIGN_STYLE = Automatic;
				DEVELOPMENT_TEAM = HA7P6Y485G;
				INFOPLIST_FILE = PlayingCard/Info.plist;
				LD_RUNPATH_SEARCH_PATHS = (
					"$(inherited)",
					"@executable_path/Frameworks",
				);
				PRODUCT_BUNDLE_IDENTIFIER = workshop.matthew.PlayingCard;
				PRODUCT_NAME = "$(TARGET_NAME)";
				SWIFT_VERSION = 4.2;
				TARGETED_DEVICE_FAMILY = "1,2";
			};
			name = Release;
		};
		A62D4EF62150A83D00B64269 /* Debug */ = {
			isa = XCBuildConfiguration;
			buildSettings = {
				ALWAYS_EMBED_SWIFT_STANDARD_LIBRARIES = YES;
				BUNDLE_LOADER = "$(TEST_HOST)";
				CODE_SIGN_STYLE = Automatic;
				DEVELOPMENT_TEAM = HA7P6Y485G;
				INFOPLIST_FILE = PlayingCardTests/Info.plist;
				LD_RUNPATH_SEARCH_PATHS = (
					"$(inherited)",
					"@executable_path/Frameworks",
					"@loader_path/Frameworks",
				);
				PRODUCT_BUNDLE_IDENTIFIER = workshop.matthew.PlayingCardTests;
				PRODUCT_NAME = "$(TARGET_NAME)";
				SWIFT_VERSION = 4.2;
				TARGETED_DEVICE_FAMILY = "1,2";
				TEST_HOST = "$(BUILT_PRODUCTS_DIR)/PlayingCard.app/PlayingCard";
			};
			name = Debug;
		};
		A62D4EF72150A83D00B64269 /* Release */ = {
			isa = XCBuildConfiguration;
			buildSettings = {
				ALWAYS_EMBED_SWIFT_STANDARD_LIBRARIES = YES;
				BUNDLE_LOADER = "$(TEST_HOST)";
				CODE_SIGN_STYLE = Automatic;
				DEVELOPMENT_TEAM = HA7P6Y485G;
				INFOPLIST_FILE = PlayingCardTests/Info.plist;
				LD_RUNPATH_SEARCH_PATHS = (
					"$(inherited)",
					"@executable_path/Frameworks",
					"@loader_path/Frameworks",
				);
				PRODUCT_BUNDLE_IDENTIFIER = workshop.matthew.PlayingCardTests;
				PRODUCT_NAME = "$(TARGET_NAME)";
				SWIFT_VERSION = 4.2;
				TARGETED_DEVICE_FAMILY = "1,2";
				TEST_HOST = "$(BUILT_PRODUCTS_DIR)/PlayingCard.app/PlayingCard";
			};
			name = Release;
		};
		A62D4EF92150A83D00B64269 /* Debug */ = {
			isa = XCBuildConfiguration;
			buildSettings = {
				ALWAYS_EMBED_SWIFT_STANDARD_LIBRARIES = YES;
				CODE_SIGN_STYLE = Automatic;
				DEVELOPMENT_TEAM = HA7P6Y485G;
				INFOPLIST_FILE = PlayingCardUITests/Info.plist;
				LD_RUNPATH_SEARCH_PATHS = (
					"$(inherited)",
					"@executable_path/Frameworks",
					"@loader_path/Frameworks",
				);
				PRODUCT_BUNDLE_IDENTIFIER = workshop.matthew.PlayingCardUITests;
				PRODUCT_NAME = "$(TARGET_NAME)";
				SWIFT_VERSION = 4.2;
				TARGETED_DEVICE_FAMILY = "1,2";
				TEST_TARGET_NAME = PlayingCard;
			};
			name = Debug;
		};
		A62D4EFA2150A83D00B64269 /* Release */ = {
			isa = XCBuildConfiguration;
			buildSettings = {
				ALWAYS_EMBED_SWIFT_STANDARD_LIBRARIES = YES;
				CODE_SIGN_STYLE = Automatic;
				DEVELOPMENT_TEAM = HA7P6Y485G;
				INFOPLIST_FILE = PlayingCardUITests/Info.plist;
				LD_RUNPATH_SEARCH_PATHS = (
					"$(inherited)",
					"@executable_path/Frameworks",
					"@loader_path/Frameworks",
				);
				PRODUCT_BUNDLE_IDENTIFIER = workshop.matthew.PlayingCardUITests;
				PRODUCT_NAME = "$(TARGET_NAME)";
				SWIFT_VERSION = 4.2;
				TARGETED_DEVICE_FAMILY = "1,2";
				TEST_TARGET_NAME = PlayingCard;
			};
			name = Release;
		};
/* End XCBuildConfiguration section */

/* Begin XCConfigurationList section */
		A62D4EC52150A83B00B64269 /* Build configuration list for PBXProject "PlayingCard" */ = {
			isa = XCConfigurationList;
			buildConfigurations = (
				A62D4EF02150A83D00B64269 /* Debug */,
				A62D4EF12150A83D00B64269 /* Release */,
			);
			defaultConfigurationIsVisible = 0;
			defaultConfigurationName = Release;
		};
		A62D4EF22150A83D00B64269 /* Build configuration list for PBXNativeTarget "PlayingCard" */ = {
			isa = XCConfigurationList;
			buildConfigurations = (
				A62D4EF32150A83D00B64269 /* Debug */,
				A62D4EF42150A83D00B64269 /* Release */,
			);
			defaultConfigurationIsVisible = 0;
			defaultConfigurationName = Release;
		};
		A62D4EF52150A83D00B64269 /* Build configuration list for PBXNativeTarget "PlayingCardTests" */ = {
			isa = XCConfigurationList;
			buildConfigurations = (
				A62D4EF62150A83D00B64269 /* Debug */,
				A62D4EF72150A83D00B64269 /* Release */,
			);
			defaultConfigurationIsVisible = 0;
			defaultConfigurationName = Release;
		};
		A62D4EF82150A83D00B64269 /* Build configuration list for PBXNativeTarget "PlayingCardUITests" */ = {
			isa = XCConfigurationList;
			buildConfigurations = (
				A62D4EF92150A83D00B64269 /* Debug */,
				A62D4EFA2150A83D00B64269 /* Release */,
			);
			defaultConfigurationIsVisible = 0;
			defaultConfigurationName = Release;
		};
/* End XCConfigurationList section */
	};
	rootObject = A62D4EC22150A83B00B64269 /* Project object */;
}
